// !$*UTF8*$!
{
	archiveVersion = 1;
	classes = {
	};
	objectVersion = 55;
	objects = {

/* Begin PBXBuildFile section */
		2C17D1F1B83EE9704E1E6A72 /* ItemCreator.swift in Sources */ = {isa = PBXBuildFile; fileRef = 2C17DF15F3638C34707A0488 /* ItemCreator.swift */; };
		2C17D5319837680AA53AE701 /* NestedItemDetailView.swift in Sources */ = {isa = PBXBuildFile; fileRef = 2C17DFBD832AFBC0D6CB64E7 /* NestedItemDetailView.swift */; };
		2C17D59608E7A41E929AD900 /* ItemUpdater.swift in Sources */ = {isa = PBXBuildFile; fileRef = 2C17DF2D818F83921BA86505 /* ItemUpdater.swift */; };
		2C17D9017AE90D2350985DBE /* ItemsView.swift in Sources */ = {isa = PBXBuildFile; fileRef = 2C17D2DC2E50D1DC51BFC86B /* ItemsView.swift */; };
		2C17D974F02858E257897D80 /* NestedItemCreator.swift in Sources */ = {isa = PBXBuildFile; fileRef = 2C17D598C9D2A75C11B7CEF2 /* NestedItemCreator.swift */; };
		2C17DA7D8DD62D61DDC59405 /* NestedItemUpdater.swift in Sources */ = {isa = PBXBuildFile; fileRef = 2C17D31DB8BCDC24A4F4940E /* NestedItemUpdater.swift */; };
		2C17DA9D646E99D77C22BD99 /* FilteredView.swift in Sources */ = {isa = PBXBuildFile; fileRef = 2C17DC162C56EAB2388D75BE /* FilteredView.swift */; };
		2C17DCEBB862F74892015C4E /* ItemDetailView.swift in Sources */ = {isa = PBXBuildFile; fileRef = 2C17DA03DC8703D8FA7471D4 /* ItemDetailView.swift */; };
		2C17DD1B4F1E44E06601F5F3 /* ContentView.swift in Sources */ = {isa = PBXBuildFile; fileRef = 2C17DECF30322EB713A8002B /* ContentView.swift */; };
		2C17DFB79BE8D94808BAAC8E /* NestedItemsView.swift in Sources */ = {isa = PBXBuildFile; fileRef = 2C17D08623AC2B49217F1A21 /* NestedItemsView.swift */; };
		D243B0CD282D238A00F36C2F /* demo_core_dataApp.swift in Sources */ = {isa = PBXBuildFile; fileRef = D243B0CC282D238A00F36C2F /* demo_core_dataApp.swift */; };
		D243B0D1282D238B00F36C2F /* Assets.xcassets in Resources */ = {isa = PBXBuildFile; fileRef = D243B0D0282D238B00F36C2F /* Assets.xcassets */; };
		D243B0D4282D238B00F36C2F /* Preview Assets.xcassets in Resources */ = {isa = PBXBuildFile; fileRef = D243B0D3282D238B00F36C2F /* Preview Assets.xcassets */; };
		D243B0D6282D238B00F36C2F /* Persistence.swift in Sources */ = {isa = PBXBuildFile; fileRef = D243B0D5282D238B00F36C2F /* Persistence.swift */; };
		D243B0D9282D238B00F36C2F /* demo_core_data.xcdatamodeld in Sources */ = {isa = PBXBuildFile; fileRef = D243B0D7282D238B00F36C2F /* demo_core_data.xcdatamodeld */; };
		D243B0E7282D24D300F36C2F /* NestedItem+CoreDataClass.swift in Sources */ = {isa = PBXBuildFile; fileRef = D243B0E5282D24D300F36C2F /* NestedItem+CoreDataClass.swift */; };
		D243B0E8282D24D300F36C2F /* NestedItem+CoreDataProperties.swift in Sources */ = {isa = PBXBuildFile; fileRef = D243B0E6282D24D300F36C2F /* NestedItem+CoreDataProperties.swift */; };
		D243B0EB282D251600F36C2F /* Item+CoreDataClass.swift in Sources */ = {isa = PBXBuildFile; fileRef = D243B0E9282D251600F36C2F /* Item+CoreDataClass.swift */; };
		D243B0EC282D251600F36C2F /* Item+CoreDataProperties.swift in Sources */ = {isa = PBXBuildFile; fileRef = D243B0EA282D251600F36C2F /* Item+CoreDataProperties.swift */; };
/* End PBXBuildFile section */

/* Begin PBXFileReference section */
		2C17D08623AC2B49217F1A21 /* NestedItemsView.swift */ = {isa = PBXFileReference; fileEncoding = 4; lastKnownFileType = sourcecode.swift; path = NestedItemsView.swift; sourceTree = "<group>"; };
		2C17D2DC2E50D1DC51BFC86B /* ItemsView.swift */ = {isa = PBXFileReference; fileEncoding = 4; lastKnownFileType = sourcecode.swift; path = ItemsView.swift; sourceTree = "<group>"; };
		2C17D31DB8BCDC24A4F4940E /* NestedItemUpdater.swift */ = {isa = PBXFileReference; fileEncoding = 4; lastKnownFileType = sourcecode.swift; path = NestedItemUpdater.swift; sourceTree = "<group>"; };
		2C17D598C9D2A75C11B7CEF2 /* NestedItemCreator.swift */ = {isa = PBXFileReference; fileEncoding = 4; lastKnownFileType = sourcecode.swift; path = NestedItemCreator.swift; sourceTree = "<group>"; };
		2C17DA03DC8703D8FA7471D4 /* ItemDetailView.swift */ = {isa = PBXFileReference; fileEncoding = 4; lastKnownFileType = sourcecode.swift; path = ItemDetailView.swift; sourceTree = "<group>"; };
		2C17DC162C56EAB2388D75BE /* FilteredView.swift */ = {isa = PBXFileReference; fileEncoding = 4; lastKnownFileType = sourcecode.swift; path = FilteredView.swift; sourceTree = "<group>"; };
		2C17DECF30322EB713A8002B /* ContentView.swift */ = {isa = PBXFileReference; fileEncoding = 4; lastKnownFileType = sourcecode.swift; path = ContentView.swift; sourceTree = "<group>"; };
		2C17DF15F3638C34707A0488 /* ItemCreator.swift */ = {isa = PBXFileReference; fileEncoding = 4; lastKnownFileType = sourcecode.swift; path = ItemCreator.swift; sourceTree = "<group>"; };
		2C17DF2D818F83921BA86505 /* ItemUpdater.swift */ = {isa = PBXFileReference; fileEncoding = 4; lastKnownFileType = sourcecode.swift; path = ItemUpdater.swift; sourceTree = "<group>"; };
		2C17DFBD832AFBC0D6CB64E7 /* NestedItemDetailView.swift */ = {isa = PBXFileReference; fileEncoding = 4; lastKnownFileType = sourcecode.swift; path = NestedItemDetailView.swift; sourceTree = "<group>"; };
		D243B0C9282D238A00F36C2F /* demo-core-data.app */ = {isa = PBXFileReference; explicitFileType = wrapper.application; includeInIndex = 0; path = "demo-core-data.app"; sourceTree = BUILT_PRODUCTS_DIR; };
		D243B0CC282D238A00F36C2F /* demo_core_dataApp.swift */ = {isa = PBXFileReference; lastKnownFileType = sourcecode.swift; path = demo_core_dataApp.swift; sourceTree = "<group>"; };
		D243B0D0282D238B00F36C2F /* Assets.xcassets */ = {isa = PBXFileReference; lastKnownFileType = folder.assetcatalog; path = Assets.xcassets; sourceTree = "<group>"; };
		D243B0D3282D238B00F36C2F /* Preview Assets.xcassets */ = {isa = PBXFileReference; lastKnownFileType = folder.assetcatalog; path = "Preview Assets.xcassets"; sourceTree = "<group>"; };
		D243B0D5282D238B00F36C2F /* Persistence.swift */ = {isa = PBXFileReference; lastKnownFileType = sourcecode.swift; path = Persistence.swift; sourceTree = "<group>"; };
		D243B0D8282D238B00F36C2F /* demo_core_data.xcdatamodel */ = {isa = PBXFileReference; lastKnownFileType = wrapper.xcdatamodel; path = demo_core_data.xcdatamodel; sourceTree = "<group>"; };
		D243B0E5282D24D300F36C2F /* NestedItem+CoreDataClass.swift */ = {isa = PBXFileReference; lastKnownFileType = sourcecode.swift; path = "NestedItem+CoreDataClass.swift"; sourceTree = "<group>"; };
		D243B0E6282D24D300F36C2F /* NestedItem+CoreDataProperties.swift */ = {isa = PBXFileReference; lastKnownFileType = sourcecode.swift; path = "NestedItem+CoreDataProperties.swift"; sourceTree = "<group>"; };
		D243B0E9282D251600F36C2F /* Item+CoreDataClass.swift */ = {isa = PBXFileReference; lastKnownFileType = sourcecode.swift; path = "Item+CoreDataClass.swift"; sourceTree = "<group>"; };
		D243B0EA282D251600F36C2F /* Item+CoreDataProperties.swift */ = {isa = PBXFileReference; lastKnownFileType = sourcecode.swift; path = "Item+CoreDataProperties.swift"; sourceTree = "<group>"; };
/* End PBXFileReference section */

/* Begin PBXFrameworksBuildPhase section */
		D243B0C6282D238A00F36C2F /* Frameworks */ = {
			isa = PBXFrameworksBuildPhase;
			buildActionMask = 2147483647;
			files = (
			);
			runOnlyForDeploymentPostprocessing = 0;
		};
/* End PBXFrameworksBuildPhase section */

/* Begin PBXGroup section */
		2C17D01493778AC5D2BC7C5F /* Item */ = {
			isa = PBXGroup;
			children = (
				2C17DA03DC8703D8FA7471D4 /* ItemDetailView.swift */,
				2C17D2DC2E50D1DC51BFC86B /* ItemsView.swift */,
			);
			path = Item;
			sourceTree = "<group>";
		};
		2C17D0685F8C51F71C3A505A /* NestedItem */ = {
			isa = PBXGroup;
			children = (
				2C17D08623AC2B49217F1A21 /* NestedItemsView.swift */,
				2C17DFBD832AFBC0D6CB64E7 /* NestedItemDetailView.swift */,
			);
			path = NestedItem;
			sourceTree = "<group>";
		};
		2C17D33734EFB2964189040C /* Persistence */ = {
			isa = PBXGroup;
			children = (
				2C17DF15F3638C34707A0488 /* ItemCreator.swift */,
				2C17DF2D818F83921BA86505 /* ItemUpdater.swift */,
			);
			path = Persistence;
			sourceTree = "<group>";
		};
		2C17D42A97E1045E9C5AB351 /* Persistence */ = {
			isa = PBXGroup;
			children = (
				2C17D31DB8BCDC24A4F4940E /* NestedItemUpdater.swift */,
				2C17D598C9D2A75C11B7CEF2 /* NestedItemCreator.swift */,
			);
			path = Persistence;
			sourceTree = "<group>";
		};
		2C17DCEE34FFFFD06E0B030B /* Views */ = {
			isa = PBXGroup;
			children = (
				2C17DECF30322EB713A8002B /* ContentView.swift */,
				2C17DC162C56EAB2388D75BE /* FilteredView.swift */,
				2C17D01493778AC5D2BC7C5F /* Item */,
				2C17D0685F8C51F71C3A505A /* NestedItem */,
			);
			path = Views;
			sourceTree = "<group>";
		};
		D243B0C0282D238A00F36C2F = {
			isa = PBXGroup;
			children = (
				D243B0CB282D238A00F36C2F /* demo-core-data */,
				D243B0CA282D238A00F36C2F /* Products */,
			);
			sourceTree = "<group>";
		};
		D243B0CA282D238A00F36C2F /* Products */ = {
			isa = PBXGroup;
			children = (
				D243B0C9282D238A00F36C2F /* demo-core-data.app */,
			);
			name = Products;
			sourceTree = "<group>";
		};
		D243B0CB282D238A00F36C2F /* demo-core-data */ = {
			isa = PBXGroup;
			children = (
				D243B0DF282D23E000F36C2F /* Modules */,
				D243B0CC282D238A00F36C2F /* demo_core_dataApp.swift */,
				D243B0D0282D238B00F36C2F /* Assets.xcassets */,
				D243B0D5282D238B00F36C2F /* Persistence.swift */,
				D243B0D7282D238B00F36C2F /* demo_core_data.xcdatamodeld */,
				D243B0D2282D238B00F36C2F /* Preview Content */,
				2C17DCEE34FFFFD06E0B030B /* Views */,
			);
			path = "demo-core-data";
			sourceTree = "<group>";
		};
		D243B0D2282D238B00F36C2F /* Preview Content */ = {
			isa = PBXGroup;
			children = (
				D243B0D3282D238B00F36C2F /* Preview Assets.xcassets */,
			);
			path = "Preview Content";
			sourceTree = "<group>";
		};
		D243B0DF282D23E000F36C2F /* Modules */ = {
			isa = PBXGroup;
			children = (
				D243B0E2282D249000F36C2F /* NestedItem */,
				D243B0E1282D248900F36C2F /* Item */,
			);
			path = Modules;
			sourceTree = "<group>";
		};
		D243B0E1282D248900F36C2F /* Item */ = {
			isa = PBXGroup;
			children = (
				D243B0E4282D24A900F36C2F /* Entities */,
				2C17D33734EFB2964189040C /* Persistence */,
			);
			path = Item;
			sourceTree = "<group>";
		};
		D243B0E2282D249000F36C2F /* NestedItem */ = {
			isa = PBXGroup;
			children = (
				D243B0E3282D249F00F36C2F /* Entities */,
				2C17D42A97E1045E9C5AB351 /* Persistence */,
			);
			path = NestedItem;
			sourceTree = "<group>";
		};
		D243B0E3282D249F00F36C2F /* Entities */ = {
			isa = PBXGroup;
			children = (
				D243B0E5282D24D300F36C2F /* NestedItem+CoreDataClass.swift */,
				D243B0E6282D24D300F36C2F /* NestedItem+CoreDataProperties.swift */,
			);
			path = Entities;
			sourceTree = "<group>";
		};
		D243B0E4282D24A900F36C2F /* Entities */ = {
			isa = PBXGroup;
			children = (
				D243B0E9282D251600F36C2F /* Item+CoreDataClass.swift */,
				D243B0EA282D251600F36C2F /* Item+CoreDataProperties.swift */,
			);
			path = Entities;
			sourceTree = "<group>";
		};
/* End PBXGroup section */

/* Begin PBXNativeTarget section */
		D243B0C8282D238A00F36C2F /* demo-core-data */ = {
			isa = PBXNativeTarget;
			buildConfigurationList = D243B0DC282D238B00F36C2F /* Build configuration list for PBXNativeTarget "demo-core-data" */;
			buildPhases = (
				D243B0C5282D238A00F36C2F /* Sources */,
				D243B0C6282D238A00F36C2F /* Frameworks */,
				D243B0C7282D238A00F36C2F /* Resources */,
			);
			buildRules = (
			);
			dependencies = (
			);
			name = "demo-core-data";
			productName = "demo-core-data";
			productReference = D243B0C9282D238A00F36C2F /* demo-core-data.app */;
			productType = "com.apple.product-type.application";
		};
/* End PBXNativeTarget section */

/* Begin PBXProject section */
		D243B0C1282D238A00F36C2F /* Project object */ = {
			isa = PBXProject;
			attributes = {
				BuildIndependentTargetsInParallel = 1;
				LastSwiftUpdateCheck = 1330;
				LastUpgradeCheck = 1330;
				TargetAttributes = {
					D243B0C8282D238A00F36C2F = {
						CreatedOnToolsVersion = 13.3.1;
					};
				};
			};
			buildConfigurationList = D243B0C4282D238A00F36C2F /* Build configuration list for PBXProject "demo-core-data" */;
			compatibilityVersion = "Xcode 13.0";
			developmentRegion = en;
			hasScannedForEncodings = 0;
			knownRegions = (
				en,
				Base,
			);
			mainGroup = D243B0C0282D238A00F36C2F;
			productRefGroup = D243B0CA282D238A00F36C2F /* Products */;
			projectDirPath = "";
			projectRoot = "";
			targets = (
				D243B0C8282D238A00F36C2F /* demo-core-data */,
			);
		};
/* End PBXProject section */

/* Begin PBXResourcesBuildPhase section */
		D243B0C7282D238A00F36C2F /* Resources */ = {
			isa = PBXResourcesBuildPhase;
			buildActionMask = 2147483647;
			files = (
				D243B0D4282D238B00F36C2F /* Preview Assets.xcassets in Resources */,
				D243B0D1282D238B00F36C2F /* Assets.xcassets in Resources */,
			);
			runOnlyForDeploymentPostprocessing = 0;
		};
/* End PBXResourcesBuildPhase section */

/* Begin PBXSourcesBuildPhase section */
		D243B0C5282D238A00F36C2F /* Sources */ = {
			isa = PBXSourcesBuildPhase;
			buildActionMask = 2147483647;
			files = (
				D243B0D6282D238B00F36C2F /* Persistence.swift in Sources */,
				D243B0E8282D24D300F36C2F /* NestedItem+CoreDataProperties.swift in Sources */,
				D243B0EC282D251600F36C2F /* Item+CoreDataProperties.swift in Sources */,
				D243B0D9282D238B00F36C2F /* demo_core_data.xcdatamodeld in Sources */,
				D243B0E7282D24D300F36C2F /* NestedItem+CoreDataClass.swift in Sources */,
				D243B0CD282D238A00F36C2F /* demo_core_dataApp.swift in Sources */,
				D243B0EB282D251600F36C2F /* Item+CoreDataClass.swift in Sources */,
				2C17D1F1B83EE9704E1E6A72 /* ItemCreator.swift in Sources */,
				2C17D59608E7A41E929AD900 /* ItemUpdater.swift in Sources */,
				2C17DD1B4F1E44E06601F5F3 /* ContentView.swift in Sources */,
				2C17DA9D646E99D77C22BD99 /* FilteredView.swift in Sources */,
				2C17DA7D8DD62D61DDC59405 /* NestedItemUpdater.swift in Sources */,
				2C17D974F02858E257897D80 /* NestedItemCreator.swift in Sources */,
				2C17DCEBB862F74892015C4E /* ItemDetailView.swift in Sources */,
				2C17D9017AE90D2350985DBE /* ItemsView.swift in Sources */,
				2C17DFB79BE8D94808BAAC8E /* NestedItemsView.swift in Sources */,
				2C17D5319837680AA53AE701 /* NestedItemDetailView.swift in Sources */,
			);
			runOnlyForDeploymentPostprocessing = 0;
		};
/* End PBXSourcesBuildPhase section */

/* Begin XCBuildConfiguration section */
		D243B0DA282D238B00F36C2F /* Debug */ = {
			isa = XCBuildConfiguration;
			buildSettings = {
				ALWAYS_SEARCH_USER_PATHS = NO;
				CLANG_ANALYZER_NONNULL = YES;
				CLANG_ANALYZER_NUMBER_OBJECT_CONVERSION = YES_AGGRESSIVE;
				CLANG_CXX_LANGUAGE_STANDARD = "gnu++17";
				CLANG_ENABLE_MODULES = YES;
				CLANG_ENABLE_OBJC_ARC = YES;
				CLANG_ENABLE_OBJC_WEAK = YES;
				CLANG_WARN_BLOCK_CAPTURE_AUTORELEASING = YES;
				CLANG_WARN_BOOL_CONVERSION = YES;
				CLANG_WARN_COMMA = YES;
				CLANG_WARN_CONSTANT_CONVERSION = YES;
				CLANG_WARN_DEPRECATED_OBJC_IMPLEMENTATIONS = YES;
				CLANG_WARN_DIRECT_OBJC_ISA_USAGE = YES_ERROR;
				CLANG_WARN_DOCUMENTATION_COMMENTS = YES;
				CLANG_WARN_EMPTY_BODY = YES;
				CLANG_WARN_ENUM_CONVERSION = YES;
				CLANG_WARN_INFINITE_RECURSION = YES;
				CLANG_WARN_INT_CONVERSION = YES;
				CLANG_WARN_NON_LITERAL_NULL_CONVERSION = YES;
				CLANG_WARN_OBJC_IMPLICIT_RETAIN_SELF = YES;
				CLANG_WARN_OBJC_LITERAL_CONVERSION = YES;
				CLANG_WARN_OBJC_ROOT_CLASS = YES_ERROR;
				CLANG_WARN_QUOTED_INCLUDE_IN_FRAMEWORK_HEADER = YES;
				CLANG_WARN_RANGE_LOOP_ANALYSIS = YES;
				CLANG_WARN_STRICT_PROTOTYPES = YES;
				CLANG_WARN_SUSPICIOUS_MOVE = YES;
				CLANG_WARN_UNGUARDED_AVAILABILITY = YES_AGGRESSIVE;
				CLANG_WARN_UNREACHABLE_CODE = YES;
				CLANG_WARN__DUPLICATE_METHOD_MATCH = YES;
				COPY_PHASE_STRIP = NO;
				DEBUG_INFORMATION_FORMAT = dwarf;
				ENABLE_STRICT_OBJC_MSGSEND = YES;
				ENABLE_TESTABILITY = YES;
				GCC_C_LANGUAGE_STANDARD = gnu11;
				GCC_DYNAMIC_NO_PIC = NO;
				GCC_NO_COMMON_BLOCKS = YES;
				GCC_OPTIMIZATION_LEVEL = 0;
				GCC_PREPROCESSOR_DEFINITIONS = (
					"DEBUG=1",
					"$(inherited)",
				);
				GCC_WARN_64_TO_32_BIT_CONVERSION = YES;
				GCC_WARN_ABOUT_RETURN_TYPE = YES_ERROR;
				GCC_WARN_UNDECLARED_SELECTOR = YES;
				GCC_WARN_UNINITIALIZED_AUTOS = YES_AGGRESSIVE;
				GCC_WARN_UNUSED_FUNCTION = YES;
				GCC_WARN_UNUSED_VARIABLE = YES;
				IPHONEOS_DEPLOYMENT_TARGET = 15.4;
				MTL_ENABLE_DEBUG_INFO = INCLUDE_SOURCE;
				MTL_FAST_MATH = YES;
				ONLY_ACTIVE_ARCH = YES;
				SDKROOT = iphoneos;
				SWIFT_ACTIVE_COMPILATION_CONDITIONS = DEBUG;
				SWIFT_OPTIMIZATION_LEVEL = "-Onone";
			};
			name = Debug;
		};
		D243B0DB282D238B00F36C2F /* Release */ = {
			isa = XCBuildConfiguration;
			buildSettings = {
				ALWAYS_SEARCH_USER_PATHS = NO;
				CLANG_ANALYZER_NONNULL = YES;
				CLANG_ANALYZER_NUMBER_OBJECT_CONVERSION = YES_AGGRESSIVE;
				CLANG_CXX_LANGUAGE_STANDARD = "gnu++17";
				CLANG_ENABLE_MODULES = YES;
				CLANG_ENABLE_OBJC_ARC = YES;
				CLANG_ENABLE_OBJC_WEAK = YES;
				CLANG_WARN_BLOCK_CAPTURE_AUTORELEASING = YES;
				CLANG_WARN_BOOL_CONVERSION = YES;
				CLANG_WARN_COMMA = YES;
				CLANG_WARN_CONSTANT_CONVERSION = YES;
				CLANG_WARN_DEPRECATED_OBJC_IMPLEMENTATIONS = YES;
				CLANG_WARN_DIRECT_OBJC_ISA_USAGE = YES_ERROR;
				CLANG_WARN_DOCUMENTATION_COMMENTS = YES;
				CLANG_WARN_EMPTY_BODY = YES;
				CLANG_WARN_ENUM_CONVERSION = YES;
				CLANG_WARN_INFINITE_RECURSION = YES;
				CLANG_WARN_INT_CONVERSION = YES;
				CLANG_WARN_NON_LITERAL_NULL_CONVERSION = YES;
				CLANG_WARN_OBJC_IMPLICIT_RETAIN_SELF = YES;
				CLANG_WARN_OBJC_LITERAL_CONVERSION = YES;
				CLANG_WARN_OBJC_ROOT_CLASS = YES_ERROR;
				CLANG_WARN_QUOTED_INCLUDE_IN_FRAMEWORK_HEADER = YES;
				CLANG_WARN_RANGE_LOOP_ANALYSIS = YES;
				CLANG_WARN_STRICT_PROTOTYPES = YES;
				CLANG_WARN_SUSPICIOUS_MOVE = YES;
				CLANG_WARN_UNGUARDED_AVAILABILITY = YES_AGGRESSIVE;
				CLANG_WARN_UNREACHABLE_CODE = YES;
				CLANG_WARN__DUPLICATE_METHOD_MATCH = YES;
				COPY_PHASE_STRIP = NO;
				DEBUG_INFORMATION_FORMAT = "dwarf-with-dsym";
				ENABLE_NS_ASSERTIONS = NO;
				ENABLE_STRICT_OBJC_MSGSEND = YES;
				GCC_C_LANGUAGE_STANDARD = gnu11;
				GCC_NO_COMMON_BLOCKS = YES;
				GCC_WARN_64_TO_32_BIT_CONVERSION = YES;
				GCC_WARN_ABOUT_RETURN_TYPE = YES_ERROR;
				GCC_WARN_UNDECLARED_SELECTOR = YES;
				GCC_WARN_UNINITIALIZED_AUTOS = YES_AGGRESSIVE;
				GCC_WARN_UNUSED_FUNCTION = YES;
				GCC_WARN_UNUSED_VARIABLE = YES;
				IPHONEOS_DEPLOYMENT_TARGET = 15.4;
				MTL_ENABLE_DEBUG_INFO = NO;
				MTL_FAST_MATH = YES;
				SDKROOT = iphoneos;
				SWIFT_COMPILATION_MODE = wholemodule;
				SWIFT_OPTIMIZATION_LEVEL = "-O";
				VALIDATE_PRODUCT = YES;
			};
			name = Release;
		};
		D243B0DD282D238B00F36C2F /* Debug */ = {
			isa = XCBuildConfiguration;
			buildSettings = {
				ASSETCATALOG_COMPILER_APPICON_NAME = AppIcon;
				ASSETCATALOG_COMPILER_GLOBAL_ACCENT_COLOR_NAME = AccentColor;
				CODE_SIGN_STYLE = Automatic;
				CURRENT_PROJECT_VERSION = 1;
				DEVELOPMENT_ASSET_PATHS = "\"demo-core-data/Preview Content\"";
				ENABLE_PREVIEWS = YES;
				GENERATE_INFOPLIST_FILE = YES;
				INFOPLIST_KEY_UIApplicationSceneManifest_Generation = YES;
				INFOPLIST_KEY_UIApplicationSupportsIndirectInputEvents = YES;
				INFOPLIST_KEY_UILaunchScreen_Generation = YES;
				INFOPLIST_KEY_UISupportedInterfaceOrientations_iPad = "UIInterfaceOrientationPortrait UIInterfaceOrientationPortraitUpsideDown UIInterfaceOrientationLandscapeLeft UIInterfaceOrientationLandscapeRight";
				INFOPLIST_KEY_UISupportedInterfaceOrientations_iPhone = "UIInterfaceOrientationPortrait UIInterfaceOrientationLandscapeLeft UIInterfaceOrientationLandscapeRight";
				LD_RUNPATH_SEARCH_PATHS = (
					"$(inherited)",
					"@executable_path/Frameworks",
				);
				MARKETING_VERSION = 1.0;
				PRODUCT_BUNDLE_IDENTIFIER = "me.qlife.demo-core-data";
				PRODUCT_NAME = "$(TARGET_NAME)";
				SWIFT_EMIT_LOC_STRINGS = YES;
				SWIFT_VERSION = 5.0;
				TARGETED_DEVICE_FAMILY = "1,2";
			};
			name = Debug;
		};
		D243B0DE282D238B00F36C2F /* Release */ = {
			isa = XCBuildConfiguration;
			buildSettings = {
				ASSETCATALOG_COMPILER_APPICON_NAME = AppIcon;
				ASSETCATALOG_COMPILER_GLOBAL_ACCENT_COLOR_NAME = AccentColor;
				CODE_SIGN_STYLE = Automatic;
				CURRENT_PROJECT_VERSION = 1;
				DEVELOPMENT_ASSET_PATHS = "\"demo-core-data/Preview Content\"";
				ENABLE_PREVIEWS = YES;
				GENERATE_INFOPLIST_FILE = YES;
				INFOPLIST_KEY_UIApplicationSceneManifest_Generation = YES;
				INFOPLIST_KEY_UIApplicationSupportsIndirectInputEvents = YES;
				INFOPLIST_KEY_UILaunchScreen_Generation = YES;
				INFOPLIST_KEY_UISupportedInterfaceOrientations_iPad = "UIInterfaceOrientationPortrait UIInterfaceOrientationPortraitUpsideDown UIInterfaceOrientationLandscapeLeft UIInterfaceOrientationLandscapeRight";
				INFOPLIST_KEY_UISupportedInterfaceOrientations_iPhone = "UIInterfaceOrientationPortrait UIInterfaceOrientationLandscapeLeft UIInterfaceOrientationLandscapeRight";
				LD_RUNPATH_SEARCH_PATHS = (
					"$(inherited)",
					"@executable_path/Frameworks",
				);
				MARKETING_VERSION = 1.0;
				PRODUCT_BUNDLE_IDENTIFIER = "me.qlife.demo-core-data";
				PRODUCT_NAME = "$(TARGET_NAME)";
				SWIFT_EMIT_LOC_STRINGS = YES;
				SWIFT_VERSION = 5.0;
				TARGETED_DEVICE_FAMILY = "1,2";
			};
			name = Release;
		};
/* End XCBuildConfiguration section */

/* Begin XCConfigurationList section */
		D243B0C4282D238A00F36C2F /* Build configuration list for PBXProject "demo-core-data" */ = {
			isa = XCConfigurationList;
			buildConfigurations = (
				D243B0DA282D238B00F36C2F /* Debug */,
				D243B0DB282D238B00F36C2F /* Release */,
			);
			defaultConfigurationIsVisible = 0;
			defaultConfigurationName = Release;
		};
		D243B0DC282D238B00F36C2F /* Build configuration list for PBXNativeTarget "demo-core-data" */ = {
			isa = XCConfigurationList;
			buildConfigurations = (
				D243B0DD282D238B00F36C2F /* Debug */,
				D243B0DE282D238B00F36C2F /* Release */,
			);
			defaultConfigurationIsVisible = 0;
			defaultConfigurationName = Release;
		};
/* End XCConfigurationList section */

/* Begin XCVersionGroup section */
		D243B0D7282D238B00F36C2F /* demo_core_data.xcdatamodeld */ = {
			isa = XCVersionGroup;
			children = (
				D243B0D8282D238B00F36C2F /* demo_core_data.xcdatamodel */,
			);
			currentVersion = D243B0D8282D238B00F36C2F /* demo_core_data.xcdatamodel */;
			path = demo_core_data.xcdatamodeld;
			sourceTree = "<group>";
			versionGroupType = wrapper.xcdatamodel;
		};
/* End XCVersionGroup section */
	};
	rootObject = D243B0C1282D238A00F36C2F /* Project object */;
}
